PODS:
  - GeoOffersSDK (0.0.1)

DEPENDENCIES:
  - GeoOffersSDK (from `~/Dropbox/Private/Private Projects/Zappit/Geo-Offers.com/SDK/GeoOffersSDK`)

EXTERNAL SOURCES:
  GeoOffersSDK:
    :path: "~/Dropbox/Private/Private Projects/Zappit/Geo-Offers.com/SDK/GeoOffersSDK"

SPEC CHECKSUMS:
  GeoOffersSDK: 0671b5af2832d29cbe3c93e091b27525ece3cf79

PODFILE CHECKSUM: 931ecb2cf7fa8d9f6e03106ead7e81eec4d15ea9

COCOAPODS: 1.5.3
